
Microsoft Visual Studio Solution File, Format Version 12.00
# Visual Studio 15
VisualStudioVersion = 15.0.27130.2010
MinimumVisualStudioVersion = 10.0.40219.1
Project("{FAE04EC0-301F-11D3-BF4B-00C04F79EFBC}") = "SelfHostedWCFContracts", "SelfHostedWCF\SelfHostedWCFContracts.csproj", "{6A53B6E1-A465-482B-9DF5-8C1637F2D08D}"
EndProject
Project("{FAE04EC0-301F-11D3-BF4B-00C04F79EFBC}") = "SelfHostedWCFImplementations", "SelfHostedWCFImplementations\SelfHostedWCFImplementations.csproj", "{3742227D-DB0F-4BFC-A8CD-9FB1EE8E9C49}"
EndProject
Project("{FAE04EC0-301F-11D3-BF4B-00C04F79EFBC}") = "SelfHostedWCFHost", "SelfHostedWCFHost\SelfHostedWCFHost.csproj", "{BBB721C6-A339-4297-82E3-892ED1903206}"
EndProject
Global
	GlobalSection(SolutionConfigurationPlatforms) = preSolution
		Debug|Any CPU = Debug|Any CPU
		Release|Any CPU = Release|Any CPU
	EndGlobalSection
	GlobalSection(ProjectConfigurationPlatforms) = postSolution
		{6A53B6E1-A465-482B-9DF5-8C1637F2D08D}.Debug|Any CPU.ActiveCfg = Debug|Any CPU
		{6A53B6E1-A465-482B-9DF5-8C1637F2D08D}.Debug|Any CPU.Build.0 = Debug|Any CPU
		{6A53B6E1-A465-482B-9DF5-8C1637F2D08D}.Release|Any CPU.ActiveCfg = Release|Any CPU
		{6A53B6E1-A465-482B-9DF5-8C1637F2D08D}.Release|Any CPU.Build.0 = Release|Any CPU
		{3742227D-DB0F-4BFC-A8CD-9FB1EE8E9C49}.Debug|Any CPU.ActiveCfg = Debug|Any CPU
		{3742227D-DB0F-4BFC-A8CD-9FB1EE8E9C49}.Debug|Any CPU.Build.0 = Debug|Any CPU
		{3742227D-DB0F-4BFC-A8CD-9FB1EE8E9C49}.Release|Any CPU.ActiveCfg = Release|Any CPU
		{3742227D-DB0F-4BFC-A8CD-9FB1EE8E9C49}.Release|Any CPU.Build.0 = Release|Any CPU
		{BBB721C6-A339-4297-82E3-892ED1903206}.Debug|Any CPU.ActiveCfg = Debug|Any CPU
		{BBB721C6-A339-4297-82E3-892ED1903206}.Debug|Any CPU.Build.0 = Debug|Any CPU
		{BBB721C6-A339-4297-82E3-892ED1903206}.Release|Any CPU.ActiveCfg = Release|Any CPU
		{BBB721C6-A339-4297-82E3-892ED1903206}.Release|Any CPU.Build.0 = Release|Any CPU
	EndGlobalSection
	GlobalSection(SolutionProperties) = preSolution
		HideSolutionNode = FALSE
	EndGlobalSection
	GlobalSection(ExtensibilityGlobals) = postSolution
		SolutionGuid = {BB09348B-3716-4B17-A12C-5A184C33BB4A}
	EndGlobalSection
EndGlobal
