
Microsoft Visual Studio Solution File, Format Version 12.00
# Visual Studio 15
VisualStudioVersion = 15.0.27130.2010
MinimumVisualStudioVersion = 10.0.40219.1
Project("{FAE04EC0-301F-11D3-BF4B-00C04F79EFBC}") = "TextReplacer", "TextReplacer\TextReplacer.csproj", "{65C25B1E-E669-4EA4-9F85-15EF52F41581}"
EndProject
Global
	GlobalSection(SolutionConfigurationPlatforms) = preSolution
		Debug|Any CPU = Debug|Any CPU
		Release|Any CPU = Release|Any CPU
	EndGlobalSection
	GlobalSection(ProjectConfigurationPlatforms) = postSolution
		{65C25B1E-E669-4EA4-9F85-15EF52F41581}.Debug|Any CPU.ActiveCfg = Debug|Any CPU
		{65C25B1E-E669-4EA4-9F85-15EF52F41581}.Debug|Any CPU.Build.0 = Debug|Any CPU
		{65C25B1E-E669-4EA4-9F85-15EF52F41581}.Release|Any CPU.ActiveCfg = Release|Any CPU
		{65C25B1E-E669-4EA4-9F85-15EF52F41581}.Release|Any CPU.Build.0 = Release|Any CPU
	EndGlobalSection
	GlobalSection(SolutionProperties) = preSolution
		HideSolutionNode = FALSE
	EndGlobalSection
	GlobalSection(ExtensibilityGlobals) = postSolution
		SolutionGuid = {4BDC7269-AC8A-4A5B-9185-D685FB91EE4F}
	EndGlobalSection
EndGlobal
